
Microsoft Visual Studio Solution File, Format Version 12.00
# Visual Studio Version 17
VisualStudioVersion = 17.4.33213.308
MinimumVisualStudioVersion = 10.0.40219.1
Project("{9A19103F-16F7-4668-BE54-9A1E7A4F7556}") = "CodeMaze_CompanyEmployees", "CodeMaze_CompanyEmployees\CodeMaze_CompanyEmployees.csproj", "{1E15A597-80E2-4CA0-9DFD-28122B223E49}"
EndProject
Project("{9A19103F-16F7-4668-BE54-9A1E7A4F7556}") = "Contracts", "Contracts\Contracts.csproj", "{CEDD7E34-58D6-4E4A-A317-EEBBE76C1801}"
EndProject
Project("{9A19103F-16F7-4668-BE54-9A1E7A4F7556}") = "LoggerService", "LoggerService\LoggerService.csproj", "{4C0E1A16-10FD-46BD-8FB1-F9C545498C9B}"
EndProject
Global
	GlobalSection(SolutionConfigurationPlatforms) = preSolution
		Debug|Any CPU = Debug|Any CPU
		Release|Any CPU = Release|Any CPU
	EndGlobalSection
	GlobalSection(ProjectConfigurationPlatforms) = postSolution
		{1E15A597-80E2-4CA0-9DFD-28122B223E49}.Debug|Any CPU.ActiveCfg = Debug|Any CPU
		{1E15A597-80E2-4CA0-9DFD-28122B223E49}.Debug|Any CPU.Build.0 = Debug|Any CPU
		{1E15A597-80E2-4CA0-9DFD-28122B223E49}.Release|Any CPU.ActiveCfg = Release|Any CPU
		{1E15A597-80E2-4CA0-9DFD-28122B223E49}.Release|Any CPU.Build.0 = Release|Any CPU
		{CEDD7E34-58D6-4E4A-A317-EEBBE76C1801}.Debug|Any CPU.ActiveCfg = Debug|Any CPU
		{CEDD7E34-58D6-4E4A-A317-EEBBE76C1801}.Debug|Any CPU.Build.0 = Debug|Any CPU
		{CEDD7E34-58D6-4E4A-A317-EEBBE76C1801}.Release|Any CPU.ActiveCfg = Release|Any CPU
		{CEDD7E34-58D6-4E4A-A317-EEBBE76C1801}.Release|Any CPU.Build.0 = Release|Any CPU
		{4C0E1A16-10FD-46BD-8FB1-F9C545498C9B}.Debug|Any CPU.ActiveCfg = Debug|Any CPU
		{4C0E1A16-10FD-46BD-8FB1-F9C545498C9B}.Debug|Any CPU.Build.0 = Debug|Any CPU
		{4C0E1A16-10FD-46BD-8FB1-F9C545498C9B}.Release|Any CPU.ActiveCfg = Release|Any CPU
		{4C0E1A16-10FD-46BD-8FB1-F9C545498C9B}.Release|Any CPU.Build.0 = Release|Any CPU
	EndGlobalSection
	GlobalSection(SolutionProperties) = preSolution
		HideSolutionNode = FALSE
	EndGlobalSection
	GlobalSection(ExtensibilityGlobals) = postSolution
		SolutionGuid = {F5BCB9EA-3EBA-46D8-A81F-2EFB1A3213B8}
	EndGlobalSection
EndGlobal
